
Microsoft Visual Studio Solution File, Format Version 12.00
# Visual Studio Version 16
VisualStudioVersion = 16.0.808.10
MinimumVisualStudioVersion = 10.0.40219.1
Project("{FAE04EC0-301F-11D3-BF4B-00C04F79EFBC}") = "polyEngine", "polyEngine\polyEngine.csproj", "{4D53E009-13B9-4E6D-91DC-B9C8C2D27802}"
EndProject
Global
	GlobalSection(SolutionConfigurationPlatforms) = preSolution
		Debug|anycpu = Debug|anycpu
		Release|anycpu = Release|anycpu
	EndGlobalSection
	GlobalSection(ProjectConfigurationPlatforms) = postSolution
		{4D53E009-13B9-4E6D-91DC-B9C8C2D27802}.Debug|anycpu.ActiveCfg = Debug|anycpu
		{4D53E009-13B9-4E6D-91DC-B9C8C2D27802}.Debug|anycpu.Build.0 = Debug|anycpu
		{4D53E009-13B9-4E6D-91DC-B9C8C2D27802}.Release|anycpu.ActiveCfg = Release|anycpu
		{4D53E009-13B9-4E6D-91DC-B9C8C2D27802}.Release|anycpu.Build.0 = Release|anycpu
	EndGlobalSection
	GlobalSection(SolutionProperties) = preSolution
		HideSolutionNode = FALSE
	EndGlobalSection
	GlobalSection(ExtensibilityGlobals) = postSolution
		SolutionGuid = {B166D170-93F8-44DE-9D9F-9153D9E4DECE}
	EndGlobalSection
EndGlobal
